<?xml version="1.0" encoding="utf-8"?>
<Project ToolsVersion="4.0" xmlns="http://schemas.microsoft.com/developer/msbuild/2003">
  <ItemGroup>
    <ClCompile Include="BindFunc.cpp">
      <Filter>Source File</Filter>
    </ClCompile>
    <ClCompile Include="CBMS.cpp">
      <Filter>Source File</Filter>
    </ClCompile>
    <ClCompile Include="CSquirrel.cpp">
      <Filter>Source File</Filter>
    </ClCompile>
    <ClCompile Include="DebugConsole.cpp">
      <Filter>Source File</Filter>
    </ClCompile>
    <ClCompile Include="Game.cpp">
      <Filter>Source File</Filter>
    </ClCompile>
    <ClCompile Include="SqBMS.cpp">
      <Filter>Source File</Filter>
    </ClCompile>
    <ClCompile Include="main.cpp" />
    <ClCompile Include="Music.cpp">
      <Filter>Source File</Filter>
    </ClCompile>
    <ClCompile Include="BMSHeader.cpp">
      <Filter>Source File</Filter>
    </ClCompile>
    <ClCompile Include="SceneController.cpp">
      <Filter>GameFramework</Filter>
    </ClCompile>
    <ClCompile Include="Scene.cpp">
      <Filter>GameFramework</Filter>
    </ClCompile>
    <ClCompile Include="ScriptLoader.cpp">
      <Filter>GameFramework</Filter>
    </ClCompile>
    <ClCompile Include="SceneUtil.cpp">
      <Filter>GameFramework</Filter>
    </ClCompile>
  </ItemGroup>
  <ItemGroup>
    <ClInclude Include="resource.h" />
    <ClInclude Include="BindFunc.h">
      <Filter>Header File</Filter>
    </ClInclude>
    <ClInclude Include="CBMS.h">
      <Filter>Header File</Filter>
    </ClInclude>
    <ClInclude Include="CSquirrel.h">
      <Filter>Header File</Filter>
    </ClInclude>
    <ClInclude Include="DebugConsole.h">
      <Filter>Header File</Filter>
    </ClInclude>
    <ClInclude Include="Game.h">
      <Filter>Header File</Filter>
    </ClInclude>
    <ClInclude Include="SqBMS.h">
      <Filter>Header File</Filter>
    </ClInclude>
    <ClInclude Include="Music.h">
      <Filter>Header File</Filter>
    </ClInclude>
    <ClInclude Include="debug.h" />
    <ClInclude Include="tstring.h">
      <Filter>Header File</Filter>
    </ClInclude>
    <ClInclude Include="SceneController.h">
      <Filter>GameFramework</Filter>
    </ClInclude>
    <ClInclude Include="Scene.h">
      <Filter>GameFramework</Filter>
    </ClInclude>
    <ClInclude Include="ScriptLoader.h">
      <Filter>GameFramework</Filter>
    </ClInclude>
    <ClInclude Include="SceneUtil.h">
      <Filter>GameFramework</Filter>
    </ClInclude>
  </ItemGroup>
  <ItemGroup>
    <ResourceCompile Include="KotononeDrive.rc" />
  </ItemGroup>
  <ItemGroup>
    <Image Include="icon1.ico" />
  </ItemGroup>
  <ItemGroup>
    <None Include="packages.config" />
    <None Include="data\Scripts\boot.nut">
      <Filter>Script File</Filter>
    </None>
    <None Include="data\Scripts\const.nut">
      <Filter>Script File</Filter>
    </None>
    <None Include="data\Scripts\FadeIO.nut">
      <Filter>Script File</Filter>
    </None>
    <None Include="data\Scripts\gameplay.nut">
      <Filter>Script File</Filter>
    </None>
    <None Include="data\Scripts\logo.nut">
      <Filter>Script File</Filter>
    </None>
    <None Include="data\Scripts\note.nut">
      <Filter>Script File</Filter>
    </None>
    <None Include="data\Scripts\note_table.nut">
      <Filter>Script File</Filter>
    </None>
    <None Include="data\Scripts\notesmanager.nut">
      <Filter>Script File</Filter>
    </None>
    <None Include="data\Scripts\resources.nut">
      <Filter>Script File</Filter>
    </None>
    <None Include="data\Scripts\result.nut">
      <Filter>Script File</Filter>
    </None>
    <None Include="data\Scripts\select.nut">
      <Filter>Script File</Filter>
    </None>
    <None Include="data\Scripts\SongList.nut">
      <Filter>Script File</Filter>
    </None>
    <None Include="data\Scripts\songwnd.nut">
      <Filter>Script File</Filter>
    </None>
    <None Include="data\Scripts\thread.nut">
      <Filter>Script File</Filter>
    </None>
    <None Include="data\Scripts\title.nut">
      <Filter>Script File</Filter>
    </None>
    <None Include="data\Scripts\var.nut">
      <Filter>Script File</Filter>
    </None>
  </ItemGroup>
  <ItemGroup>
    <Filter Include="Header File">
      <UniqueIdentifier>{68e6a53d-0e03-4fa5-8f3e-985e2bf3cb44}</UniqueIdentifier>
    </Filter>
    <Filter Include="Source File">
      <UniqueIdentifier>{9c6f900a-45e8-4eb2-8dc2-4349b8822aa2}</UniqueIdentifier>
    </Filter>
    <Filter Include="Script File">
      <UniqueIdentifier>{51061af0-6b3e-4c8a-9fe9-cc7a2f88b6cb}</UniqueIdentifier>
    </Filter>
    <Filter Include="GameFramework">
      <UniqueIdentifier>{0fc889cb-f8c5-451d-8c8b-cdc7c2459cd3}</UniqueIdentifier>
    </Filter>
  </ItemGroup>
</Project>